
Microsoft Visual Studio Solution File, Format Version 12.00
# Visual Studio 15
VisualStudioVersion = 15.0.27703.2035
MinimumVisualStudioVersion = 10.0.40219.1
Project("{FAE04EC0-301F-11D3-BF4B-00C04F79EFBC}") = "SeriesUp.Android", "SeriesUp\SeriesUp.Android\SeriesUp.Android.csproj", "{53904633-33FF-4D96-9F25-813197D4284F}"
EndProject
Project("{FAE04EC0-301F-11D3-BF4B-00C04F79EFBC}") = "SeriesUp.iOS", "SeriesUp\SeriesUp.iOS\SeriesUp.iOS.csproj", "{3780853A-38C9-4D1A-A335-D3484428298F}"
EndProject
Project("{FAE04EC0-301F-11D3-BF4B-00C04F79EFBC}") = "SeriesUp", "SeriesUp\SeriesUp\SeriesUp.csproj", "{898E47D1-3B83-4041-B79B-2CC5BD5171E9}"
EndProject
Global
	GlobalSection(SolutionConfigurationPlatforms) = preSolution
		Ad-Hoc|Any CPU = Ad-Hoc|Any CPU
		Ad-Hoc|iPhone = Ad-Hoc|iPhone
		Ad-Hoc|iPhoneSimulator = Ad-Hoc|iPhoneSimulator
		AppStore|Any CPU = AppStore|Any CPU
		AppStore|iPhone = AppStore|iPhone
		AppStore|iPhoneSimulator = AppStore|iPhoneSimulator
		Debug|Any CPU = Debug|Any CPU
		Debug|iPhone = Debug|iPhone
		Debug|iPhoneSimulator = Debug|iPhoneSimulator
		Release|Any CPU = Release|Any CPU
		Release|iPhone = Release|iPhone
		Release|iPhoneSimulator = Release|iPhoneSimulator
	EndGlobalSection
	GlobalSection(ProjectConfigurationPlatforms) = postSolution
		{53904633-33FF-4D96-9F25-813197D4284F}.Ad-Hoc|Any CPU.ActiveCfg = Release|Any CPU
		{53904633-33FF-4D96-9F25-813197D4284F}.Ad-Hoc|Any CPU.Build.0 = Release|Any CPU
		{53904633-33FF-4D96-9F25-813197D4284F}.Ad-Hoc|Any CPU.Deploy.0 = Release|Any CPU
		{53904633-33FF-4D96-9F25-813197D4284F}.Ad-Hoc|iPhone.ActiveCfg = Release|Any CPU
		{53904633-33FF-4D96-9F25-813197D4284F}.Ad-Hoc|iPhone.Build.0 = Release|Any CPU
		{53904633-33FF-4D96-9F25-813197D4284F}.Ad-Hoc|iPhone.Deploy.0 = Release|Any CPU
		{53904633-33FF-4D96-9F25-813197D4284F}.Ad-Hoc|iPhoneSimulator.ActiveCfg = Release|Any CPU
		{53904633-33FF-4D96-9F25-813197D4284F}.Ad-Hoc|iPhoneSimulator.Build.0 = Release|Any CPU
		{53904633-33FF-4D96-9F25-813197D4284F}.Ad-Hoc|iPhoneSimulator.Deploy.0 = Release|Any CPU
		{53904633-33FF-4D96-9F25-813197D4284F}.AppStore|Any CPU.ActiveCfg = Release|Any CPU
		{53904633-33FF-4D96-9F25-813197D4284F}.AppStore|Any CPU.Build.0 = Release|Any CPU
		{53904633-33FF-4D96-9F25-813197D4284F}.AppStore|Any CPU.Deploy.0 = Release|Any CPU
		{53904633-33FF-4D96-9F25-813197D4284F}.AppStore|iPhone.ActiveCfg = Release|Any CPU
		{53904633-33FF-4D96-9F25-813197D4284F}.AppStore|iPhone.Build.0 = Release|Any CPU
		{53904633-33FF-4D96-9F25-813197D4284F}.AppStore|iPhone.Deploy.0 = Release|Any CPU
		{53904633-33FF-4D96-9F25-813197D4284F}.AppStore|iPhoneSimulator.ActiveCfg = Release|Any CPU
		{53904633-33FF-4D96-9F25-813197D4284F}.AppStore|iPhoneSimulator.Build.0 = Release|Any CPU
		{53904633-33FF-4D96-9F25-813197D4284F}.AppStore|iPhoneSimulator.Deploy.0 = Release|Any CPU
		{53904633-33FF-4D96-9F25-813197D4284F}.Debug|Any CPU.ActiveCfg = Debug|Any CPU
		{53904633-33FF-4D96-9F25-813197D4284F}.Debug|Any CPU.Build.0 = Debug|Any CPU
		{53904633-33FF-4D96-9F25-813197D4284F}.Debug|Any CPU.Deploy.0 = Debug|Any CPU
		{53904633-33FF-4D96-9F25-813197D4284F}.Debug|iPhone.ActiveCfg = Debug|Any CPU
		{53904633-33FF-4D96-9F25-813197D4284F}.Debug|iPhone.Build.0 = Debug|Any CPU
		{53904633-33FF-4D96-9F25-813197D4284F}.Debug|iPhone.Deploy.0 = Debug|Any CPU
		{53904633-33FF-4D96-9F25-813197D4284F}.Debug|iPhoneSimulator.ActiveCfg = Debug|Any CPU
		{53904633-33FF-4D96-9F25-813197D4284F}.Debug|iPhoneSimulator.Build.0 = Debug|Any CPU
		{53904633-33FF-4D96-9F25-813197D4284F}.Debug|iPhoneSimulator.Deploy.0 = Debug|Any CPU
		{53904633-33FF-4D96-9F25-813197D4284F}.Release|Any CPU.ActiveCfg = Release|Any CPU
		{53904633-33FF-4D96-9F25-813197D4284F}.Release|Any CPU.Build.0 = Release|Any CPU
		{53904633-33FF-4D96-9F25-813197D4284F}.Release|Any CPU.Deploy.0 = Release|Any CPU
		{53904633-33FF-4D96-9F25-813197D4284F}.Release|iPhone.ActiveCfg = Release|Any CPU
		{53904633-33FF-4D96-9F25-813197D4284F}.Release|iPhone.Build.0 = Release|Any CPU
		{53904633-33FF-4D96-9F25-813197D4284F}.Release|iPhone.Deploy.0 = Release|Any CPU
		{53904633-33FF-4D96-9F25-813197D4284F}.Release|iPhoneSimulator.ActiveCfg = Release|Any CPU
		{53904633-33FF-4D96-9F25-813197D4284F}.Release|iPhoneSimulator.Build.0 = Release|Any CPU
		{53904633-33FF-4D96-9F25-813197D4284F}.Release|iPhoneSimulator.Deploy.0 = Release|Any CPU
		{3780853A-38C9-4D1A-A335-D3484428298F}.Ad-Hoc|Any CPU.ActiveCfg = Ad-Hoc|iPhone
		{3780853A-38C9-4D1A-A335-D3484428298F}.Ad-Hoc|Any CPU.Build.0 = Ad-Hoc|iPhone
		{3780853A-38C9-4D1A-A335-D3484428298F}.Ad-Hoc|Any CPU.Deploy.0 = Ad-Hoc|iPhone
		{3780853A-38C9-4D1A-A335-D3484428298F}.Ad-Hoc|iPhone.ActiveCfg = Ad-Hoc|iPhone
		{3780853A-38C9-4D1A-A335-D3484428298F}.Ad-Hoc|iPhone.Build.0 = Ad-Hoc|iPhone
		{3780853A-38C9-4D1A-A335-D3484428298F}.Ad-Hoc|iPhone.Deploy.0 = Ad-Hoc|iPhone
		{3780853A-38C9-4D1A-A335-D3484428298F}.Ad-Hoc|iPhoneSimulator.ActiveCfg = Ad-Hoc|iPhoneSimulator
		{3780853A-38C9-4D1A-A335-D3484428298F}.Ad-Hoc|iPhoneSimulator.Build.0 = Ad-Hoc|iPhoneSimulator
		{3780853A-38C9-4D1A-A335-D3484428298F}.Ad-Hoc|iPhoneSimulator.Deploy.0 = Ad-Hoc|iPhoneSimulator
		{3780853A-38C9-4D1A-A335-D3484428298F}.AppStore|Any CPU.ActiveCfg = AppStore|iPhone
		{3780853A-38C9-4D1A-A335-D3484428298F}.AppStore|Any CPU.Build.0 = AppStore|iPhone
		{3780853A-38C9-4D1A-A335-D3484428298F}.AppStore|Any CPU.Deploy.0 = AppStore|iPhone
		{3780853A-38C9-4D1A-A335-D3484428298F}.AppStore|iPhone.ActiveCfg = AppStore|iPhone
		{3780853A-38C9-4D1A-A335-D3484428298F}.AppStore|iPhone.Build.0 = AppStore|iPhone
		{3780853A-38C9-4D1A-A335-D3484428298F}.AppStore|iPhone.Deploy.0 = AppStore|iPhone
		{3780853A-38C9-4D1A-A335-D3484428298F}.AppStore|iPhoneSimulator.ActiveCfg = AppStore|iPhoneSimulator
		{3780853A-38C9-4D1A-A335-D3484428298F}.AppStore|iPhoneSimulator.Build.0 = AppStore|iPhoneSimulator
		{3780853A-38C9-4D1A-A335-D3484428298F}.AppStore|iPhoneSimulator.Deploy.0 = AppStore|iPhoneSimulator
		{3780853A-38C9-4D1A-A335-D3484428298F}.Debug|Any CPU.ActiveCfg = Debug|iPhoneSimulator
		{3780853A-38C9-4D1A-A335-D3484428298F}.Debug|Any CPU.Build.0 = Debug|iPhoneSimulator
		{3780853A-38C9-4D1A-A335-D3484428298F}.Debug|Any CPU.Deploy.0 = Debug|iPhoneSimulator
		{3780853A-38C9-4D1A-A335-D3484428298F}.Debug|iPhone.ActiveCfg = Debug|iPhone
		{3780853A-38C9-4D1A-A335-D3484428298F}.Debug|iPhone.Build.0 = Debug|iPhone
		{3780853A-38C9-4D1A-A335-D3484428298F}.Debug|iPhone.Deploy.0 = Debug|iPhone
		{3780853A-38C9-4D1A-A335-D3484428298F}.Debug|iPhoneSimulator.ActiveCfg = Debug|iPhoneSimulator
		{3780853A-38C9-4D1A-A335-D3484428298F}.Debug|iPhoneSimulator.Build.0 = Debug|iPhoneSimulator
		{3780853A-38C9-4D1A-A335-D3484428298F}.Debug|iPhoneSimulator.Deploy.0 = Debug|iPhoneSimulator
		{3780853A-38C9-4D1A-A335-D3484428298F}.Release|Any CPU.ActiveCfg = Release|iPhone
		{3780853A-38C9-4D1A-A335-D3484428298F}.Release|Any CPU.Build.0 = Release|iPhone
		{3780853A-38C9-4D1A-A335-D3484428298F}.Release|Any CPU.Deploy.0 = Release|iPhone
		{3780853A-38C9-4D1A-A335-D3484428298F}.Release|iPhone.ActiveCfg = Release|iPhone
		{3780853A-38C9-4D1A-A335-D3484428298F}.Release|iPhone.Build.0 = Release|iPhone
		{3780853A-38C9-4D1A-A335-D3484428298F}.Release|iPhone.Deploy.0 = Release|iPhone
		{3780853A-38C9-4D1A-A335-D3484428298F}.Release|iPhoneSimulator.ActiveCfg = Release|iPhoneSimulator
		{3780853A-38C9-4D1A-A335-D3484428298F}.Release|iPhoneSimulator.Build.0 = Release|iPhoneSimulator
		{3780853A-38C9-4D1A-A335-D3484428298F}.Release|iPhoneSimulator.Deploy.0 = Release|iPhoneSimulator
		{898E47D1-3B83-4041-B79B-2CC5BD5171E9}.Ad-Hoc|Any CPU.ActiveCfg = Debug|Any CPU
		{898E47D1-3B83-4041-B79B-2CC5BD5171E9}.Ad-Hoc|Any CPU.Build.0 = Debug|Any CPU
		{898E47D1-3B83-4041-B79B-2CC5BD5171E9}.Ad-Hoc|Any CPU.Deploy.0 = Debug|Any CPU
		{898E47D1-3B83-4041-B79B-2CC5BD5171E9}.Ad-Hoc|iPhone.ActiveCfg = Debug|Any CPU
		{898E47D1-3B83-4041-B79B-2CC5BD5171E9}.Ad-Hoc|iPhone.Build.0 = Debug|Any CPU
		{898E47D1-3B83-4041-B79B-2CC5BD5171E9}.Ad-Hoc|iPhone.Deploy.0 = Debug|Any CPU
		{898E47D1-3B83-4041-B79B-2CC5BD5171E9}.Ad-Hoc|iPhoneSimulator.ActiveCfg = Debug|Any CPU
		{898E47D1-3B83-4041-B79B-2CC5BD5171E9}.Ad-Hoc|iPhoneSimulator.Build.0 = Debug|Any CPU
		{898E47D1-3B83-4041-B79B-2CC5BD5171E9}.Ad-Hoc|iPhoneSimulator.Deploy.0 = Debug|Any CPU
		{898E47D1-3B83-4041-B79B-2CC5BD5171E9}.AppStore|Any CPU.ActiveCfg = Debug|Any CPU
		{898E47D1-3B83-4041-B79B-2CC5BD5171E9}.AppStore|Any CPU.Build.0 = Debug|Any CPU
		{898E47D1-3B83-4041-B79B-2CC5BD5171E9}.AppStore|Any CPU.Deploy.0 = Debug|Any CPU
		{898E47D1-3B83-4041-B79B-2CC5BD5171E9}.AppStore|iPhone.ActiveCfg = Debug|Any CPU
		{898E47D1-3B83-4041-B79B-2CC5BD5171E9}.AppStore|iPhone.Build.0 = Debug|Any CPU
		{898E47D1-3B83-4041-B79B-2CC5BD5171E9}.AppStore|iPhone.Deploy.0 = Debug|Any CPU
		{898E47D1-3B83-4041-B79B-2CC5BD5171E9}.AppStore|iPhoneSimulator.ActiveCfg = Debug|Any CPU
		{898E47D1-3B83-4041-B79B-2CC5BD5171E9}.AppStore|iPhoneSimulator.Build.0 = Debug|Any CPU
		{898E47D1-3B83-4041-B79B-2CC5BD5171E9}.AppStore|iPhoneSimulator.Deploy.0 = Debug|Any CPU
		{898E47D1-3B83-4041-B79B-2CC5BD5171E9}.Debug|Any CPU.ActiveCfg = Debug|Any CPU
		{898E47D1-3B83-4041-B79B-2CC5BD5171E9}.Debug|Any CPU.Build.0 = Debug|Any CPU
		{898E47D1-3B83-4041-B79B-2CC5BD5171E9}.Debug|Any CPU.Deploy.0 = Debug|Any CPU
		{898E47D1-3B83-4041-B79B-2CC5BD5171E9}.Debug|iPhone.ActiveCfg = Debug|Any CPU
		{898E47D1-3B83-4041-B79B-2CC5BD5171E9}.Debug|iPhone.Build.0 = Debug|Any CPU
		{898E47D1-3B83-4041-B79B-2CC5BD5171E9}.Debug|iPhone.Deploy.0 = Debug|Any CPU
		{898E47D1-3B83-4041-B79B-2CC5BD5171E9}.Debug|iPhoneSimulator.ActiveCfg = Debug|Any CPU
		{898E47D1-3B83-4041-B79B-2CC5BD5171E9}.Debug|iPhoneSimulator.Build.0 = Debug|Any CPU
		{898E47D1-3B83-4041-B79B-2CC5BD5171E9}.Debug|iPhoneSimulator.Deploy.0 = Debug|Any CPU
		{898E47D1-3B83-4041-B79B-2CC5BD5171E9}.Release|Any CPU.ActiveCfg = Release|Any CPU
		{898E47D1-3B83-4041-B79B-2CC5BD5171E9}.Release|Any CPU.Build.0 = Release|Any CPU
		{898E47D1-3B83-4041-B79B-2CC5BD5171E9}.Release|Any CPU.Deploy.0 = Release|Any CPU
		{898E47D1-3B83-4041-B79B-2CC5BD5171E9}.Release|iPhone.ActiveCfg = Release|Any CPU
		{898E47D1-3B83-4041-B79B-2CC5BD5171E9}.Release|iPhone.Build.0 = Release|Any CPU
		{898E47D1-3B83-4041-B79B-2CC5BD5171E9}.Release|iPhone.Deploy.0 = Release|Any CPU
		{898E47D1-3B83-4041-B79B-2CC5BD5171E9}.Release|iPhoneSimulator.ActiveCfg = Release|Any CPU
		{898E47D1-3B83-4041-B79B-2CC5BD5171E9}.Release|iPhoneSimulator.Build.0 = Release|Any CPU
		{898E47D1-3B83-4041-B79B-2CC5BD5171E9}.Release|iPhoneSimulator.Deploy.0 = Release|Any CPU
	EndGlobalSection
	GlobalSection(SolutionProperties) = preSolution
		HideSolutionNode = FALSE
	EndGlobalSection
	GlobalSection(ExtensibilityGlobals) = postSolution
		SolutionGuid = {A1FCA61F-DFC9-4394-B81B-F24CD920AC38}
	EndGlobalSection
EndGlobal
